{
  "requires": true,
  "lockfileVersion": 1,
  "dependencies": {
    "geographiclib": {
      "version": "1.49.0",
      "resolved": "https://registry.npmjs.org/geographiclib/-/geographiclib-1.49.0.tgz",
      "integrity": "sha1-IK9dAESgwrSECxWOwlzy8uxdD/I="
    },
    "heap": {
      "version": "0.2.6",
      "resolved": "https://registry.npmjs.org/heap/-/heap-0.2.6.tgz",
      "integrity": "sha1-CH4fELBGky/IWU3Z5tN4r8nR5aw="
    },
    "priorityqueue": {
      "version": "0.2.0",
      "resolved": "https://registry.npmjs.org/priorityqueue/-/priorityqueue-0.2.0.tgz",
      "integrity": "sha1-cXlI4i+DkslXDS12LpDrQRobf5o="
    },
    "priorityqueuejs": {
      "version": "1.0.0",
      "resolved": "https://registry.npmjs.org/priorityqueuejs/-/priorityqueuejs-1.0.0.tgz",
      "integrity": "sha1-LuTyPCVgkT4IwHzlzN1t498sWvg="
    },
    "queue-priority": {
      "version": "1.0.0",
      "resolved": "https://registry.npmjs.org/queue-priority/-/queue-priority-1.0.0.tgz",
      "integrity": "sha1-y+VH7/fn16lSEG4vBUBSXjf4Ttw="
    }
  }
}
